
Microsoft Visual Studio Solution File, Format Version 12.00
# Visual Studio 14
VisualStudioVersion = 14.0.25420.1
MinimumVisualStudioVersion = 10.0.40219.1
Project("{FAE04EC0-301F-11D3-BF4B-00C04F79EFBC}") = "CarApp", "CarApp\CarApp.csproj", "{BAE54B5D-1E2C-4D61-833B-622BAFFC67A7}"
EndProject
Project("{FAE04EC0-301F-11D3-BF4B-00C04F79EFBC}") = "EuroApp", "EuroApp\EuroApp.csproj", "{F7DE334A-7690-4AFF-8091-395708C13C77}"
EndProject
Project("{FAE04EC0-301F-11D3-BF4B-00C04F79EFBC}") = "Akkuna", "Akkuna\Akkuna.csproj", "{F2379A08-CDAA-44C7-A80E-75F9C6B013C6}"
EndProject
Global
	GlobalSection(SolutionConfigurationPlatforms) = preSolution
		Debug|Any CPU = Debug|Any CPU
		Debug|ARM = Debug|ARM
		Debug|x64 = Debug|x64
		Debug|x86 = Debug|x86
		Release|Any CPU = Release|Any CPU
		Release|ARM = Release|ARM
		Release|x64 = Release|x64
		Release|x86 = Release|x86
	EndGlobalSection
	GlobalSection(ProjectConfigurationPlatforms) = postSolution
		{BAE54B5D-1E2C-4D61-833B-622BAFFC67A7}.Debug|Any CPU.ActiveCfg = Debug|x86
		{BAE54B5D-1E2C-4D61-833B-622BAFFC67A7}.Debug|ARM.ActiveCfg = Debug|ARM
		{BAE54B5D-1E2C-4D61-833B-622BAFFC67A7}.Debug|ARM.Build.0 = Debug|ARM
		{BAE54B5D-1E2C-4D61-833B-622BAFFC67A7}.Debug|ARM.Deploy.0 = Debug|ARM
		{BAE54B5D-1E2C-4D61-833B-622BAFFC67A7}.Debug|x64.ActiveCfg = Debug|x64
		{BAE54B5D-1E2C-4D61-833B-622BAFFC67A7}.Debug|x64.Build.0 = Debug|x64
		{BAE54B5D-1E2C-4D61-833B-622BAFFC67A7}.Debug|x64.Deploy.0 = Debug|x64
		{BAE54B5D-1E2C-4D61-833B-622BAFFC67A7}.Debug|x86.ActiveCfg = Debug|x86
		{BAE54B5D-1E2C-4D61-833B-622BAFFC67A7}.Debug|x86.Build.0 = Debug|x86
		{BAE54B5D-1E2C-4D61-833B-622BAFFC67A7}.Debug|x86.Deploy.0 = Debug|x86
		{BAE54B5D-1E2C-4D61-833B-622BAFFC67A7}.Release|Any CPU.ActiveCfg = Release|x86
		{BAE54B5D-1E2C-4D61-833B-622BAFFC67A7}.Release|ARM.ActiveCfg = Release|ARM
		{BAE54B5D-1E2C-4D61-833B-622BAFFC67A7}.Release|ARM.Build.0 = Release|ARM
		{BAE54B5D-1E2C-4D61-833B-622BAFFC67A7}.Release|ARM.Deploy.0 = Release|ARM
		{BAE54B5D-1E2C-4D61-833B-622BAFFC67A7}.Release|x64.ActiveCfg = Release|x64
		{BAE54B5D-1E2C-4D61-833B-622BAFFC67A7}.Release|x64.Build.0 = Release|x64
		{BAE54B5D-1E2C-4D61-833B-622BAFFC67A7}.Release|x64.Deploy.0 = Release|x64
		{BAE54B5D-1E2C-4D61-833B-622BAFFC67A7}.Release|x86.ActiveCfg = Release|x86
		{BAE54B5D-1E2C-4D61-833B-622BAFFC67A7}.Release|x86.Build.0 = Release|x86
		{BAE54B5D-1E2C-4D61-833B-622BAFFC67A7}.Release|x86.Deploy.0 = Release|x86
		{F7DE334A-7690-4AFF-8091-395708C13C77}.Debug|Any CPU.ActiveCfg = Debug|x86
		{F7DE334A-7690-4AFF-8091-395708C13C77}.Debug|ARM.ActiveCfg = Debug|ARM
		{F7DE334A-7690-4AFF-8091-395708C13C77}.Debug|ARM.Build.0 = Debug|ARM
		{F7DE334A-7690-4AFF-8091-395708C13C77}.Debug|ARM.Deploy.0 = Debug|ARM
		{F7DE334A-7690-4AFF-8091-395708C13C77}.Debug|x64.ActiveCfg = Debug|x64
		{F7DE334A-7690-4AFF-8091-395708C13C77}.Debug|x64.Build.0 = Debug|x64
		{F7DE334A-7690-4AFF-8091-395708C13C77}.Debug|x64.Deploy.0 = Debug|x64
		{F7DE334A-7690-4AFF-8091-395708C13C77}.Debug|x86.ActiveCfg = Debug|x86
		{F7DE334A-7690-4AFF-8091-395708C13C77}.Debug|x86.Build.0 = Debug|x86
		{F7DE334A-7690-4AFF-8091-395708C13C77}.Debug|x86.Deploy.0 = Debug|x86
		{F7DE334A-7690-4AFF-8091-395708C13C77}.Release|Any CPU.ActiveCfg = Release|x86
		{F7DE334A-7690-4AFF-8091-395708C13C77}.Release|ARM.ActiveCfg = Release|ARM
		{F7DE334A-7690-4AFF-8091-395708C13C77}.Release|ARM.Build.0 = Release|ARM
		{F7DE334A-7690-4AFF-8091-395708C13C77}.Release|ARM.Deploy.0 = Release|ARM
		{F7DE334A-7690-4AFF-8091-395708C13C77}.Release|x64.ActiveCfg = Release|x64
		{F7DE334A-7690-4AFF-8091-395708C13C77}.Release|x64.Build.0 = Release|x64
		{F7DE334A-7690-4AFF-8091-395708C13C77}.Release|x64.Deploy.0 = Release|x64
		{F7DE334A-7690-4AFF-8091-395708C13C77}.Release|x86.ActiveCfg = Release|x86
		{F7DE334A-7690-4AFF-8091-395708C13C77}.Release|x86.Build.0 = Release|x86
		{F7DE334A-7690-4AFF-8091-395708C13C77}.Release|x86.Deploy.0 = Release|x86
		{F2379A08-CDAA-44C7-A80E-75F9C6B013C6}.Debug|Any CPU.ActiveCfg = Debug|x86
		{F2379A08-CDAA-44C7-A80E-75F9C6B013C6}.Debug|ARM.ActiveCfg = Debug|ARM
		{F2379A08-CDAA-44C7-A80E-75F9C6B013C6}.Debug|ARM.Build.0 = Debug|ARM
		{F2379A08-CDAA-44C7-A80E-75F9C6B013C6}.Debug|ARM.Deploy.0 = Debug|ARM
		{F2379A08-CDAA-44C7-A80E-75F9C6B013C6}.Debug|x64.ActiveCfg = Debug|x64
		{F2379A08-CDAA-44C7-A80E-75F9C6B013C6}.Debug|x64.Build.0 = Debug|x64
		{F2379A08-CDAA-44C7-A80E-75F9C6B013C6}.Debug|x64.Deploy.0 = Debug|x64
		{F2379A08-CDAA-44C7-A80E-75F9C6B013C6}.Debug|x86.ActiveCfg = Debug|x86
		{F2379A08-CDAA-44C7-A80E-75F9C6B013C6}.Debug|x86.Build.0 = Debug|x86
		{F2379A08-CDAA-44C7-A80E-75F9C6B013C6}.Debug|x86.Deploy.0 = Debug|x86
		{F2379A08-CDAA-44C7-A80E-75F9C6B013C6}.Release|Any CPU.ActiveCfg = Release|x86
		{F2379A08-CDAA-44C7-A80E-75F9C6B013C6}.Release|ARM.ActiveCfg = Release|ARM
		{F2379A08-CDAA-44C7-A80E-75F9C6B013C6}.Release|ARM.Build.0 = Release|ARM
		{F2379A08-CDAA-44C7-A80E-75F9C6B013C6}.Release|ARM.Deploy.0 = Release|ARM
		{F2379A08-CDAA-44C7-A80E-75F9C6B013C6}.Release|x64.ActiveCfg = Release|x64
		{F2379A08-CDAA-44C7-A80E-75F9C6B013C6}.Release|x64.Build.0 = Release|x64
		{F2379A08-CDAA-44C7-A80E-75F9C6B013C6}.Release|x64.Deploy.0 = Release|x64
		{F2379A08-CDAA-44C7-A80E-75F9C6B013C6}.Release|x86.ActiveCfg = Release|x86
		{F2379A08-CDAA-44C7-A80E-75F9C6B013C6}.Release|x86.Build.0 = Release|x86
		{F2379A08-CDAA-44C7-A80E-75F9C6B013C6}.Release|x86.Deploy.0 = Release|x86
	EndGlobalSection
	GlobalSection(SolutionProperties) = preSolution
		HideSolutionNode = FALSE
	EndGlobalSection
EndGlobal
